
Microsoft Visual Studio Solution File, Format Version 12.00
# Visual Studio 15
VisualStudioVersion = 15.0.26124.0
MinimumVisualStudioVersion = 15.0.26124.0
Project("{2150E333-8FDC-42A3-9474-1A3956D46DE8}") = "src", "src", "{A84AA0AB-CB4E-4BBE-BE16-D189620882CC}"
EndProject
Project("{FAE04EC0-301F-11D3-BF4B-00C04F79EFBC}") = "GradeBook", "src\GradeBook\GradeBook.csproj", "{828F2436-0A9D-4327-9172-5081FFBB5635}"
EndProject
Project("{2150E333-8FDC-42A3-9474-1A3956D46DE8}") = "test", "test", "{ADFAA122-124F-44AB-9DDC-DCA6A3AF70B9}"
EndProject
Project("{FAE04EC0-301F-11D3-BF4B-00C04F79EFBC}") = "GradeBook.Tests", "test\GradeBook.Tests\GradeBook.Tests.csproj", "{280780DB-5C07-463C-9071-F8E5CDF8998D}"
EndProject
Global
	GlobalSection(SolutionConfigurationPlatforms) = preSolution
		Debug|Any CPU = Debug|Any CPU
		Debug|x64 = Debug|x64
		Debug|x86 = Debug|x86
		Release|Any CPU = Release|Any CPU
		Release|x64 = Release|x64
		Release|x86 = Release|x86
	EndGlobalSection
	GlobalSection(SolutionProperties) = preSolution
		HideSolutionNode = FALSE
	EndGlobalSection
	GlobalSection(ProjectConfigurationPlatforms) = postSolution
		{828F2436-0A9D-4327-9172-5081FFBB5635}.Debug|Any CPU.ActiveCfg = Debug|Any CPU
		{828F2436-0A9D-4327-9172-5081FFBB5635}.Debug|Any CPU.Build.0 = Debug|Any CPU
		{828F2436-0A9D-4327-9172-5081FFBB5635}.Debug|x64.ActiveCfg = Debug|Any CPU
		{828F2436-0A9D-4327-9172-5081FFBB5635}.Debug|x64.Build.0 = Debug|Any CPU
		{828F2436-0A9D-4327-9172-5081FFBB5635}.Debug|x86.ActiveCfg = Debug|Any CPU
		{828F2436-0A9D-4327-9172-5081FFBB5635}.Debug|x86.Build.0 = Debug|Any CPU
		{828F2436-0A9D-4327-9172-5081FFBB5635}.Release|Any CPU.ActiveCfg = Release|Any CPU
		{828F2436-0A9D-4327-9172-5081FFBB5635}.Release|Any CPU.Build.0 = Release|Any CPU
		{828F2436-0A9D-4327-9172-5081FFBB5635}.Release|x64.ActiveCfg = Release|Any CPU
		{828F2436-0A9D-4327-9172-5081FFBB5635}.Release|x64.Build.0 = Release|Any CPU
		{828F2436-0A9D-4327-9172-5081FFBB5635}.Release|x86.ActiveCfg = Release|Any CPU
		{828F2436-0A9D-4327-9172-5081FFBB5635}.Release|x86.Build.0 = Release|Any CPU
		{280780DB-5C07-463C-9071-F8E5CDF8998D}.Debug|Any CPU.ActiveCfg = Debug|Any CPU
		{280780DB-5C07-463C-9071-F8E5CDF8998D}.Debug|Any CPU.Build.0 = Debug|Any CPU
		{280780DB-5C07-463C-9071-F8E5CDF8998D}.Debug|x64.ActiveCfg = Debug|Any CPU
		{280780DB-5C07-463C-9071-F8E5CDF8998D}.Debug|x64.Build.0 = Debug|Any CPU
		{280780DB-5C07-463C-9071-F8E5CDF8998D}.Debug|x86.ActiveCfg = Debug|Any CPU
		{280780DB-5C07-463C-9071-F8E5CDF8998D}.Debug|x86.Build.0 = Debug|Any CPU
		{280780DB-5C07-463C-9071-F8E5CDF8998D}.Release|Any CPU.ActiveCfg = Release|Any CPU
		{280780DB-5C07-463C-9071-F8E5CDF8998D}.Release|Any CPU.Build.0 = Release|Any CPU
		{280780DB-5C07-463C-9071-F8E5CDF8998D}.Release|x64.ActiveCfg = Release|Any CPU
		{280780DB-5C07-463C-9071-F8E5CDF8998D}.Release|x64.Build.0 = Release|Any CPU
		{280780DB-5C07-463C-9071-F8E5CDF8998D}.Release|x86.ActiveCfg = Release|Any CPU
		{280780DB-5C07-463C-9071-F8E5CDF8998D}.Release|x86.Build.0 = Release|Any CPU
	EndGlobalSection
	GlobalSection(NestedProjects) = preSolution
		{828F2436-0A9D-4327-9172-5081FFBB5635} = {A84AA0AB-CB4E-4BBE-BE16-D189620882CC}
		{280780DB-5C07-463C-9071-F8E5CDF8998D} = {ADFAA122-124F-44AB-9DDC-DCA6A3AF70B9}
	EndGlobalSection
EndGlobal
